
Microsoft Visual Studio Solution File, Format Version 12.00
Project("{FAE04EC0-301F-11D3-BF4B-00C04F79EFBC}") = "OzonHelper", "OzonHelper\OzonHelper.csproj", "{5637B73F-6EED-4F86-96D1-12C30B8DC69B}"
EndProject
Project("{FAE04EC0-301F-11D3-BF4B-00C04F79EFBC}") = "OfficialOzonApi", "OfficialOzonApi\OfficialOzonApi.csproj", "{EDDE94FB-E930-4A45-9FD8-8D2020824146}"
EndProject
Project("{FAE04EC0-301F-11D3-BF4B-00C04F79EFBC}") = "ForTests", "ForTests\ForTests.csproj", "{A8E056D0-2F13-4CB5-9B22-740143BF6DAA}"
EndProject
Global
	GlobalSection(SolutionConfigurationPlatforms) = preSolution
		Debug|Any CPU = Debug|Any CPU
		Release|Any CPU = Release|Any CPU
	EndGlobalSection
	GlobalSection(ProjectConfigurationPlatforms) = postSolution
		{5637B73F-6EED-4F86-96D1-12C30B8DC69B}.Debug|Any CPU.ActiveCfg = Debug|Any CPU
		{5637B73F-6EED-4F86-96D1-12C30B8DC69B}.Debug|Any CPU.Build.0 = Debug|Any CPU
		{5637B73F-6EED-4F86-96D1-12C30B8DC69B}.Release|Any CPU.ActiveCfg = Release|Any CPU
		{5637B73F-6EED-4F86-96D1-12C30B8DC69B}.Release|Any CPU.Build.0 = Release|Any CPU
		{EDDE94FB-E930-4A45-9FD8-8D2020824146}.Debug|Any CPU.ActiveCfg = Debug|Any CPU
		{EDDE94FB-E930-4A45-9FD8-8D2020824146}.Debug|Any CPU.Build.0 = Debug|Any CPU
		{EDDE94FB-E930-4A45-9FD8-8D2020824146}.Release|Any CPU.ActiveCfg = Release|Any CPU
		{EDDE94FB-E930-4A45-9FD8-8D2020824146}.Release|Any CPU.Build.0 = Release|Any CPU
		{A8E056D0-2F13-4CB5-9B22-740143BF6DAA}.Debug|Any CPU.ActiveCfg = Debug|Any CPU
		{A8E056D0-2F13-4CB5-9B22-740143BF6DAA}.Debug|Any CPU.Build.0 = Debug|Any CPU
		{A8E056D0-2F13-4CB5-9B22-740143BF6DAA}.Release|Any CPU.ActiveCfg = Release|Any CPU
		{A8E056D0-2F13-4CB5-9B22-740143BF6DAA}.Release|Any CPU.Build.0 = Release|Any CPU
	EndGlobalSection
EndGlobal
